
Microsoft Visual Studio Solution File, Format Version 12.00
# Visual Studio Version 17
VisualStudioVersion = 17.14.35806.103
MinimumVisualStudioVersion = 10.0.40219.1
Project("{FAE04EC0-301F-11D3-BF4B-00C04F79EFBC}") = "Gün", "Gün\Gün.csproj", "{B81A9D6E-C811-4B71-8015-C921F7D45188}"
EndProject
Global
	GlobalSection(SolutionConfigurationPlatforms) = preSolution
		Debug|Any CPU = Debug|Any CPU
		Release|Any CPU = Release|Any CPU
	EndGlobalSection
	GlobalSection(ProjectConfigurationPlatforms) = postSolution
		{B81A9D6E-C811-4B71-8015-C921F7D45188}.Debug|Any CPU.ActiveCfg = Debug|Any CPU
		{B81A9D6E-C811-4B71-8015-C921F7D45188}.Debug|Any CPU.Build.0 = Debug|Any CPU
		{B81A9D6E-C811-4B71-8015-C921F7D45188}.Release|Any CPU.ActiveCfg = Release|Any CPU
		{B81A9D6E-C811-4B71-8015-C921F7D45188}.Release|Any CPU.Build.0 = Release|Any CPU
	EndGlobalSection
	GlobalSection(SolutionProperties) = preSolution
		HideSolutionNode = FALSE
	EndGlobalSection
	GlobalSection(ExtensibilityGlobals) = postSolution
		SolutionGuid = {8220DEC3-34D9-4242-B46C-34AEA960F8BD}
	EndGlobalSection
EndGlobal
