
Microsoft Visual Studio Solution File, Format Version 12.00
# Visual Studio Version 17
VisualStudioVersion = 17.14.35806.103
MinimumVisualStudioVersion = 10.0.40219.1
Project("{FAE04EC0-301F-11D3-BF4B-00C04F79EFBC}") = "yaş belirleme", "yaş belirleme\yaş belirleme.csproj", "{0A2A9FCB-D4B2-405E-9D21-7C78769C42A5}"
EndProject
Global
	GlobalSection(SolutionConfigurationPlatforms) = preSolution
		Debug|Any CPU = Debug|Any CPU
		Release|Any CPU = Release|Any CPU
	EndGlobalSection
	GlobalSection(ProjectConfigurationPlatforms) = postSolution
		{0A2A9FCB-D4B2-405E-9D21-7C78769C42A5}.Debug|Any CPU.ActiveCfg = Debug|Any CPU
		{0A2A9FCB-D4B2-405E-9D21-7C78769C42A5}.Debug|Any CPU.Build.0 = Debug|Any CPU
		{0A2A9FCB-D4B2-405E-9D21-7C78769C42A5}.Release|Any CPU.ActiveCfg = Release|Any CPU
		{0A2A9FCB-D4B2-405E-9D21-7C78769C42A5}.Release|Any CPU.Build.0 = Release|Any CPU
	EndGlobalSection
	GlobalSection(SolutionProperties) = preSolution
		HideSolutionNode = FALSE
	EndGlobalSection
	GlobalSection(ExtensibilityGlobals) = postSolution
		SolutionGuid = {042EB2F1-E4FD-4035-B274-FA95D615019A}
	EndGlobalSection
EndGlobal
